
Microsoft Visual Studio Solution File, Format Version 12.00
# Visual Studio Version 17
VisualStudioVersion = 17.0.31903.59
MinimumVisualStudioVersion = 10.0.40219.1
Project("{FAE04EC0-301F-11D3-BF4B-00C04F79EFBC}") = "POS.Domain", "POS.Domain\POS.Domain.csproj", "{66B2F124-16F8-4DC8-A696-55B09058D0AA}"
EndProject
Project("{FAE04EC0-301F-11D3-BF4B-00C04F79EFBC}") = "POS.Application", "POS.Application\POS.Application.csproj", "{564EB71B-F55B-4DA5-AADD-618120B0ACFA}"
EndProject
Project("{FAE04EC0-301F-11D3-BF4B-00C04F79EFBC}") = "POS.Infrastructure", "POS.Infrastructure\POS.Infrastructure.csproj", "{F914177C-00BC-415F-9033-CA1BC4BCEC44}"
EndProject
Project("{FAE04EC0-301F-11D3-BF4B-00C04F79EFBC}") = "POS.UI", "POS.UI\POS.UI.csproj", "{FAC8AB06-C634-44CD-A0CE-7805E164985D}"
EndProject
Global
	GlobalSection(SolutionConfigurationPlatforms) = preSolution
		Debug|Any CPU = Debug|Any CPU
		Debug|x64 = Debug|x64
		Debug|x86 = Debug|x86
		Release|Any CPU = Release|Any CPU
		Release|x64 = Release|x64
		Release|x86 = Release|x86
	EndGlobalSection
	GlobalSection(ProjectConfigurationPlatforms) = postSolution
		{66B2F124-16F8-4DC8-A696-55B09058D0AA}.Debug|Any CPU.ActiveCfg = Debug|Any CPU
		{66B2F124-16F8-4DC8-A696-55B09058D0AA}.Debug|Any CPU.Build.0 = Debug|Any CPU
		{66B2F124-16F8-4DC8-A696-55B09058D0AA}.Debug|x64.ActiveCfg = Debug|Any CPU
		{66B2F124-16F8-4DC8-A696-55B09058D0AA}.Debug|x64.Build.0 = Debug|Any CPU
		{66B2F124-16F8-4DC8-A696-55B09058D0AA}.Debug|x86.ActiveCfg = Debug|Any CPU
		{66B2F124-16F8-4DC8-A696-55B09058D0AA}.Debug|x86.Build.0 = Debug|Any CPU
		{66B2F124-16F8-4DC8-A696-55B09058D0AA}.Release|Any CPU.ActiveCfg = Release|Any CPU
		{66B2F124-16F8-4DC8-A696-55B09058D0AA}.Release|Any CPU.Build.0 = Release|Any CPU
		{66B2F124-16F8-4DC8-A696-55B09058D0AA}.Release|x64.ActiveCfg = Release|Any CPU
		{66B2F124-16F8-4DC8-A696-55B09058D0AA}.Release|x64.Build.0 = Release|Any CPU
		{66B2F124-16F8-4DC8-A696-55B09058D0AA}.Release|x86.ActiveCfg = Release|Any CPU
		{66B2F124-16F8-4DC8-A696-55B09058D0AA}.Release|x86.Build.0 = Release|Any CPU
		{564EB71B-F55B-4DA5-AADD-618120B0ACFA}.Debug|Any CPU.ActiveCfg = Debug|Any CPU
		{564EB71B-F55B-4DA5-AADD-618120B0ACFA}.Debug|Any CPU.Build.0 = Debug|Any CPU
		{564EB71B-F55B-4DA5-AADD-618120B0ACFA}.Debug|x64.ActiveCfg = Debug|Any CPU
		{564EB71B-F55B-4DA5-AADD-618120B0ACFA}.Debug|x64.Build.0 = Debug|Any CPU
		{564EB71B-F55B-4DA5-AADD-618120B0ACFA}.Debug|x86.ActiveCfg = Debug|Any CPU
		{564EB71B-F55B-4DA5-AADD-618120B0ACFA}.Debug|x86.Build.0 = Debug|Any CPU
		{564EB71B-F55B-4DA5-AADD-618120B0ACFA}.Release|Any CPU.ActiveCfg = Release|Any CPU
		{564EB71B-F55B-4DA5-AADD-618120B0ACFA}.Release|Any CPU.Build.0 = Release|Any CPU
		{564EB71B-F55B-4DA5-AADD-618120B0ACFA}.Release|x64.ActiveCfg = Release|Any CPU
		{564EB71B-F55B-4DA5-AADD-618120B0ACFA}.Release|x64.Build.0 = Release|Any CPU
		{564EB71B-F55B-4DA5-AADD-618120B0ACFA}.Release|x86.ActiveCfg = Release|Any CPU
		{564EB71B-F55B-4DA5-AADD-618120B0ACFA}.Release|x86.Build.0 = Release|Any CPU
		{F914177C-00BC-415F-9033-CA1BC4BCEC44}.Debug|Any CPU.ActiveCfg = Debug|Any CPU
		{F914177C-00BC-415F-9033-CA1BC4BCEC44}.Debug|Any CPU.Build.0 = Debug|Any CPU
		{F914177C-00BC-415F-9033-CA1BC4BCEC44}.Debug|x64.ActiveCfg = Debug|Any CPU
		{F914177C-00BC-415F-9033-CA1BC4BCEC44}.Debug|x64.Build.0 = Debug|Any CPU
		{F914177C-00BC-415F-9033-CA1BC4BCEC44}.Debug|x86.ActiveCfg = Debug|Any CPU
		{F914177C-00BC-415F-9033-CA1BC4BCEC44}.Debug|x86.Build.0 = Debug|Any CPU
		{F914177C-00BC-415F-9033-CA1BC4BCEC44}.Release|Any CPU.ActiveCfg = Release|Any CPU
		{F914177C-00BC-415F-9033-CA1BC4BCEC44}.Release|Any CPU.Build.0 = Release|Any CPU
		{F914177C-00BC-415F-9033-CA1BC4BCEC44}.Release|x64.ActiveCfg = Release|Any CPU
		{F914177C-00BC-415F-9033-CA1BC4BCEC44}.Release|x64.Build.0 = Release|Any CPU
		{F914177C-00BC-415F-9033-CA1BC4BCEC44}.Release|x86.ActiveCfg = Release|Any CPU
		{F914177C-00BC-415F-9033-CA1BC4BCEC44}.Release|x86.Build.0 = Release|Any CPU
		{FAC8AB06-C634-44CD-A0CE-7805E164985D}.Debug|Any CPU.ActiveCfg = Debug|Any CPU
		{FAC8AB06-C634-44CD-A0CE-7805E164985D}.Debug|Any CPU.Build.0 = Debug|Any CPU
		{FAC8AB06-C634-44CD-A0CE-7805E164985D}.Debug|x64.ActiveCfg = Debug|Any CPU
		{FAC8AB06-C634-44CD-A0CE-7805E164985D}.Debug|x64.Build.0 = Debug|Any CPU
		{FAC8AB06-C634-44CD-A0CE-7805E164985D}.Debug|x86.ActiveCfg = Debug|Any CPU
		{FAC8AB06-C634-44CD-A0CE-7805E164985D}.Debug|x86.Build.0 = Debug|Any CPU
		{FAC8AB06-C634-44CD-A0CE-7805E164985D}.Release|Any CPU.ActiveCfg = Release|Any CPU
		{FAC8AB06-C634-44CD-A0CE-7805E164985D}.Release|Any CPU.Build.0 = Release|Any CPU
		{FAC8AB06-C634-44CD-A0CE-7805E164985D}.Release|x64.ActiveCfg = Release|Any CPU
		{FAC8AB06-C634-44CD-A0CE-7805E164985D}.Release|x64.Build.0 = Release|Any CPU
		{FAC8AB06-C634-44CD-A0CE-7805E164985D}.Release|x86.ActiveCfg = Release|Any CPU
		{FAC8AB06-C634-44CD-A0CE-7805E164985D}.Release|x86.Build.0 = Release|Any CPU
	EndGlobalSection
	GlobalSection(SolutionProperties) = preSolution
		HideSolutionNode = FALSE
	EndGlobalSection
EndGlobal
